// !$*UTF8*$!
{
	archiveVersion = 1;
	classes = {
	};
	objectVersion = 46;
	objects = {

/* Begin PBXAggregateTarget section */
		66F5F13314DB195B0068FD20 /* Framework */ = {
			isa = PBXAggregateTarget;
			buildConfigurationList = 66F5F13614DB195B0068FD20 /* Build configuration list for PBXAggregateTarget "Framework" */;
			buildPhases = (
				66F5F13A14DB19B20068FD20 /* Build Framework */,
			);
			dependencies = (
				664A26AC14E330B700C297E6 /* PBXTargetDependency */,
				5DAFFF4C15FC33680047124F /* PBXTargetDependency */,
			);
			name = Framework;
			productName = Framework;
		};
/* End PBXAggregateTarget section */

/* Begin PBXBuildFile section */
		5D5A180715FC55990058F50F /* Appitize.m in Sources */ = {isa = PBXBuildFile; fileRef = 5D5A180615FC55990058F50F /* Appitize.m */; };
		5D5A182B15FC5C1B0058F50F /* finger_press1.png in Resources */ = {isa = PBXBuildFile; fileRef = 5D5A182515FC5C1B0058F50F /* finger_press1.png */; };
		5D5A182C15FC5C1B0058F50F /* finger_press1@2x.png in Resources */ = {isa = PBXBuildFile; fileRef = 5D5A182615FC5C1B0058F50F /* finger_press1@2x.png */; };
		5D5A182D15FC5C1B0058F50F /* finger_press2.png in Resources */ = {isa = PBXBuildFile; fileRef = 5D5A182715FC5C1B0058F50F /* finger_press2.png */; };
		5D5A182E15FC5C1B0058F50F /* finger_press2@2x.png in Resources */ = {isa = PBXBuildFile; fileRef = 5D5A182815FC5C1B0058F50F /* finger_press2@2x.png */; };
		5D5A182F15FC5C1B0058F50F /* finger_press3.png in Resources */ = {isa = PBXBuildFile; fileRef = 5D5A182915FC5C1B0058F50F /* finger_press3.png */; };
		5D5A183015FC5C1B0058F50F /* finger_press3@2x.png in Resources */ = {isa = PBXBuildFile; fileRef = 5D5A182A15FC5C1B0058F50F /* finger_press3@2x.png */; };
		5DAFFF2E15FC287B0047124F /* Appitize.h in Headers */ = {isa = PBXBuildFile; fileRef = 5DAFFF2C15FC287B0047124F /* Appitize.h */; settings = {ATTRIBUTES = (Public, ); }; };
		664A269614E3265400C297E6 /* CoreFoundation.framework in Frameworks */ = {isa = PBXBuildFile; fileRef = 664A268414E3222700C297E6 /* CoreFoundation.framework */; };
		66E8B6D714D899500074EAA4 /* Foundation.framework in Frameworks */ = {isa = PBXBuildFile; fileRef = 66E8B6D614D899500074EAA4 /* Foundation.framework */; };
		B255BEEC15FC6AD20068145A /* ScreenRecorder.h in Headers */ = {isa = PBXBuildFile; fileRef = B255BEEA15FC6AD20068145A /* ScreenRecorder.h */; };
		B255BEED15FC6AD20068145A /* ScreenRecorder.m in Sources */ = {isa = PBXBuildFile; fileRef = B255BEEB15FC6AD20068145A /* ScreenRecorder.m */; };
		B29D1C5B15FC4622004B656F /* UIKit.framework in Frameworks */ = {isa = PBXBuildFile; fileRef = B29D1C5A15FC4622004B656F /* UIKit.framework */; };
		B29D1C5D15FC463B004B656F /* QuartzCore.framework in Frameworks */ = {isa = PBXBuildFile; fileRef = B29D1C5C15FC463B004B656F /* QuartzCore.framework */; };
		B29D1C5F15FC463E004B656F /* AVFoundation.framework in Frameworks */ = {isa = PBXBuildFile; fileRef = B29D1C5E15FC463E004B656F /* AVFoundation.framework */; };
		B29D1C6115FC4642004B656F /* CoreMedia.framework in Frameworks */ = {isa = PBXBuildFile; fileRef = B29D1C6015FC4642004B656F /* CoreMedia.framework */; };
		B29D1C6315FC4646004B656F /* CoreVideo.framework in Frameworks */ = {isa = PBXBuildFile; fileRef = B29D1C6215FC4646004B656F /* CoreVideo.framework */; };
		B29D1C6515FC4684004B656F /* CoreGraphics.framework in Frameworks */ = {isa = PBXBuildFile; fileRef = B29D1C6415FC4684004B656F /* CoreGraphics.framework */; };
		B29D1C8B15FC6613004B656F /* MediaPlayer.framework in Frameworks */ = {isa = PBXBuildFile; fileRef = B29D1C8A15FC6613004B656F /* MediaPlayer.framework */; };
		B29D1C8E15FC6624004B656F /* AssetsLibrary.framework in Frameworks */ = {isa = PBXBuildFile; fileRef = B29D1C8D15FC6624004B656F /* AssetsLibrary.framework */; };
/* End PBXBuildFile section */

/* Begin PBXContainerItemProxy section */
		5DAFFF4B15FC33680047124F /* PBXContainerItemProxy */ = {
			isa = PBXContainerItemProxy;
			containerPortal = 66E8B6CA14D899500074EAA4 /* Project object */;
			proxyType = 1;
			remoteGlobalIDString = 66E8B6D214D899500074EAA4;
			remoteInfo = Appitize;
		};
		664A26AB14E330B700C297E6 /* PBXContainerItemProxy */ = {
			isa = PBXContainerItemProxy;
			containerPortal = 66E8B6CA14D899500074EAA4 /* Project object */;
			proxyType = 1;
			remoteGlobalIDString = 664A269414E3265400C297E6;
			remoteInfo = SerenityResources;
		};
/* End PBXContainerItemProxy section */

/* Begin PBXFileReference section */
		5D5A180615FC55990058F50F /* Appitize.m */ = {isa = PBXFileReference; fileEncoding = 4; lastKnownFileType = sourcecode.c.objc; path = Appitize.m; sourceTree = "<group>"; };
		5D5A182515FC5C1B0058F50F /* finger_press1.png */ = {isa = PBXFileReference; lastKnownFileType = image.png; path = finger_press1.png; sourceTree = "<group>"; };
		5D5A182615FC5C1B0058F50F /* finger_press1@2x.png */ = {isa = PBXFileReference; lastKnownFileType = image.png; path = "finger_press1@2x.png"; sourceTree = "<group>"; };
		5D5A182715FC5C1B0058F50F /* finger_press2.png */ = {isa = PBXFileReference; lastKnownFileType = image.png; path = finger_press2.png; sourceTree = "<group>"; };
		5D5A182815FC5C1B0058F50F /* finger_press2@2x.png */ = {isa = PBXFileReference; lastKnownFileType = image.png; path = "finger_press2@2x.png"; sourceTree = "<group>"; };
		5D5A182915FC5C1B0058F50F /* finger_press3.png */ = {isa = PBXFileReference; lastKnownFileType = image.png; path = finger_press3.png; sourceTree = "<group>"; };
		5D5A182A15FC5C1B0058F50F /* finger_press3@2x.png */ = {isa = PBXFileReference; lastKnownFileType = image.png; path = "finger_press3@2x.png"; sourceTree = "<group>"; };
		5DAFFF2B15FC287B0047124F /* Appitize-Prefix.pch */ = {isa = PBXFileReference; fileEncoding = 4; lastKnownFileType = sourcecode.c.h; path = "Appitize-Prefix.pch"; sourceTree = "<group>"; };
		5DAFFF2C15FC287B0047124F /* Appitize.h */ = {isa = PBXFileReference; fileEncoding = 4; lastKnownFileType = sourcecode.c.h; path = Appitize.h; sourceTree = "<group>"; };
		664A268414E3222700C297E6 /* CoreFoundation.framework */ = {isa = PBXFileReference; lastKnownFileType = wrapper.framework; name = CoreFoundation.framework; path = System/Library/Frameworks/CoreFoundation.framework; sourceTree = SDKROOT; };
		664A269514E3265400C297E6 /* Appitize.bundle */ = {isa = PBXFileReference; explicitFileType = wrapper.cfbundle; includeInIndex = 0; path = Appitize.bundle; sourceTree = BUILT_PRODUCTS_DIR; };
		664A269914E3265400C297E6 /* AppitizeResources-Info.plist */ = {isa = PBXFileReference; lastKnownFileType = text.plist.xml; path = "AppitizeResources-Info.plist"; sourceTree = "<group>"; };
		66E8B6D314D899500074EAA4 /* libAppitize.a */ = {isa = PBXFileReference; explicitFileType = archive.ar; includeInIndex = 0; path = libAppitize.a; sourceTree = BUILT_PRODUCTS_DIR; };
		66E8B6D614D899500074EAA4 /* Foundation.framework */ = {isa = PBXFileReference; lastKnownFileType = wrapper.framework; name = Foundation.framework; path = System/Library/Frameworks/Foundation.framework; sourceTree = SDKROOT; };
		B255BEEA15FC6AD20068145A /* ScreenRecorder.h */ = {isa = PBXFileReference; fileEncoding = 4; lastKnownFileType = sourcecode.c.h; path = ScreenRecorder.h; sourceTree = "<group>"; };
		B255BEEB15FC6AD20068145A /* ScreenRecorder.m */ = {isa = PBXFileReference; fileEncoding = 4; lastKnownFileType = sourcecode.c.objc; path = ScreenRecorder.m; sourceTree = "<group>"; };
		B29D1C5A15FC4622004B656F /* UIKit.framework */ = {isa = PBXFileReference; lastKnownFileType = wrapper.framework; name = UIKit.framework; path = System/Library/Frameworks/UIKit.framework; sourceTree = SDKROOT; };
		B29D1C5C15FC463B004B656F /* QuartzCore.framework */ = {isa = PBXFileReference; lastKnownFileType = wrapper.framework; name = QuartzCore.framework; path = System/Library/Frameworks/QuartzCore.framework; sourceTree = SDKROOT; };
		B29D1C5E15FC463E004B656F /* AVFoundation.framework */ = {isa = PBXFileReference; lastKnownFileType = wrapper.framework; name = AVFoundation.framework; path = System/Library/Frameworks/AVFoundation.framework; sourceTree = SDKROOT; };
		B29D1C6015FC4642004B656F /* CoreMedia.framework */ = {isa = PBXFileReference; lastKnownFileType = wrapper.framework; name = CoreMedia.framework; path = System/Library/Frameworks/CoreMedia.framework; sourceTree = SDKROOT; };
		B29D1C6215FC4646004B656F /* CoreVideo.framework */ = {isa = PBXFileReference; lastKnownFileType = wrapper.framework; name = CoreVideo.framework; path = System/Library/Frameworks/CoreVideo.framework; sourceTree = SDKROOT; };
		B29D1C6415FC4684004B656F /* CoreGraphics.framework */ = {isa = PBXFileReference; lastKnownFileType = wrapper.framework; name = CoreGraphics.framework; path = System/Library/Frameworks/CoreGraphics.framework; sourceTree = SDKROOT; };
		B29D1C8A15FC6613004B656F /* MediaPlayer.framework */ = {isa = PBXFileReference; lastKnownFileType = wrapper.framework; name = MediaPlayer.framework; path = System/Library/Frameworks/MediaPlayer.framework; sourceTree = SDKROOT; };
		B29D1C8D15FC6624004B656F /* AssetsLibrary.framework */ = {isa = PBXFileReference; lastKnownFileType = wrapper.framework; name = AssetsLibrary.framework; path = System/Library/Frameworks/AssetsLibrary.framework; sourceTree = SDKROOT; };
/* End PBXFileReference section */

/* Begin PBXFrameworksBuildPhase section */
		664A269214E3265400C297E6 /* Frameworks */ = {
			isa = PBXFrameworksBuildPhase;
			buildActionMask = 2147483647;
			files = (
				664A269614E3265400C297E6 /* CoreFoundation.framework in Frameworks */,
			);
			runOnlyForDeploymentPostprocessing = 0;
		};
		66E8B6D014D899500074EAA4 /* Frameworks */ = {
			isa = PBXFrameworksBuildPhase;
			buildActionMask = 2147483647;
			files = (
				B29D1C8E15FC6624004B656F /* AssetsLibrary.framework in Frameworks */,
				B29D1C8B15FC6613004B656F /* MediaPlayer.framework in Frameworks */,
				B29D1C6515FC4684004B656F /* CoreGraphics.framework in Frameworks */,
				B29D1C6315FC4646004B656F /* CoreVideo.framework in Frameworks */,
				B29D1C6115FC4642004B656F /* CoreMedia.framework in Frameworks */,
				B29D1C5F15FC463E004B656F /* AVFoundation.framework in Frameworks */,
				B29D1C5D15FC463B004B656F /* QuartzCore.framework in Frameworks */,
				B29D1C5B15FC4622004B656F /* UIKit.framework in Frameworks */,
				66E8B6D714D899500074EAA4 /* Foundation.framework in Frameworks */,
			);
			runOnlyForDeploymentPostprocessing = 0;
		};
/* End PBXFrameworksBuildPhase section */

/* Begin PBXGroup section */
		664A269714E3265400C297E6 /* AppitizeResources */ = {
			isa = PBXGroup;
			children = (
				5D5A182515FC5C1B0058F50F /* finger_press1.png */,
				5D5A182615FC5C1B0058F50F /* finger_press1@2x.png */,
				5D5A182715FC5C1B0058F50F /* finger_press2.png */,
				5D5A182815FC5C1B0058F50F /* finger_press2@2x.png */,
				5D5A182915FC5C1B0058F50F /* finger_press3.png */,
				5D5A182A15FC5C1B0058F50F /* finger_press3@2x.png */,
				664A269914E3265400C297E6 /* AppitizeResources-Info.plist */,
			);
			path = AppitizeResources;
			sourceTree = "<group>";
		};
		66E8B6C814D899500074EAA4 = {
			isa = PBXGroup;
			children = (
				66E8B6D814D899500074EAA4 /* Appitize */,
				664A269714E3265400C297E6 /* AppitizeResources */,
				66E8B6D514D899500074EAA4 /* Frameworks */,
				66E8B6D414D899500074EAA4 /* Products */,
			);
			sourceTree = "<group>";
		};
		66E8B6D414D899500074EAA4 /* Products */ = {
			isa = PBXGroup;
			children = (
				66E8B6D314D899500074EAA4 /* libAppitize.a */,
				664A269514E3265400C297E6 /* Appitize.bundle */,
			);
			name = Products;
			sourceTree = "<group>";
		};
		66E8B6D514D899500074EAA4 /* Frameworks */ = {
			isa = PBXGroup;
			children = (
				B29D1C8D15FC6624004B656F /* AssetsLibrary.framework */,
				B29D1C8A15FC6613004B656F /* MediaPlayer.framework */,
				B29D1C6415FC4684004B656F /* CoreGraphics.framework */,
				B29D1C6215FC4646004B656F /* CoreVideo.framework */,
				B29D1C6015FC4642004B656F /* CoreMedia.framework */,
				B29D1C5E15FC463E004B656F /* AVFoundation.framework */,
				B29D1C5C15FC463B004B656F /* QuartzCore.framework */,
				B29D1C5A15FC4622004B656F /* UIKit.framework */,
				66E8B6D614D899500074EAA4 /* Foundation.framework */,
				664A268414E3222700C297E6 /* CoreFoundation.framework */,
			);
			name = Frameworks;
			sourceTree = "<group>";
		};
		66E8B6D814D899500074EAA4 /* Appitize */ = {
			isa = PBXGroup;
			children = (
				B255BEEA15FC6AD20068145A /* ScreenRecorder.h */,
				B255BEEB15FC6AD20068145A /* ScreenRecorder.m */,
				5DAFFF2B15FC287B0047124F /* Appitize-Prefix.pch */,
				5DAFFF2C15FC287B0047124F /* Appitize.h */,
				5D5A180615FC55990058F50F /* Appitize.m */,
			);
			path = Appitize;
			sourceTree = "<group>";
		};
/* End PBXGroup section */

/* Begin PBXHeadersBuildPhase section */
		66E8B6D114D899500074EAA4 /* Headers */ = {
			isa = PBXHeadersBuildPhase;
			buildActionMask = 2147483647;
			files = (
				5DAFFF2E15FC287B0047124F /* Appitize.h in Headers */,
				B255BEEC15FC6AD20068145A /* ScreenRecorder.h in Headers */,
			);
			runOnlyForDeploymentPostprocessing = 0;
		};
/* End PBXHeadersBuildPhase section */

/* Begin PBXNativeTarget section */
		664A269414E3265400C297E6 /* AppitizeResources */ = {
			isa = PBXNativeTarget;
			buildConfigurationList = 664A269E14E3265400C297E6 /* Build configuration list for PBXNativeTarget "AppitizeResources" */;
			buildPhases = (
				664A269114E3265400C297E6 /* Sources */,
				664A269214E3265400C297E6 /* Frameworks */,
				664A269314E3265400C297E6 /* Resources */,
			);
			buildRules = (
			);
			dependencies = (
			);
			name = AppitizeResources;
			productName = SerenityResources;
			productReference = 664A269514E3265400C297E6 /* Appitize.bundle */;
			productType = "com.apple.product-type.bundle";
		};
		66E8B6D214D899500074EAA4 /* Appitize */ = {
			isa = PBXNativeTarget;
			buildConfigurationList = 66E8B6E014D899500074EAA4 /* Build configuration list for PBXNativeTarget "Appitize" */;
			buildPhases = (
				66E8B6CF14D899500074EAA4 /* Sources */,
				66E8B6D014D899500074EAA4 /* Frameworks */,
				66E8B6D114D899500074EAA4 /* Headers */,
				66E8B6E814D8A4D10074EAA4 /* Prepare Framework */,
			);
			buildRules = (
			);
			dependencies = (
			);
			name = Appitize;
			productName = Serenity;
			productReference = 66E8B6D314D899500074EAA4 /* libAppitize.a */;
			productType = "com.apple.product-type.library.static";
		};
/* End PBXNativeTarget section */

/* Begin PBXProject section */
		66E8B6CA14D899500074EAA4 /* Project object */ = {
			isa = PBXProject;
			attributes = {
				LastUpgradeCheck = 0420;
				ORGANIZATIONNAME = Google;
			};
			buildConfigurationList = 66E8B6CD14D899500074EAA4 /* Build configuration list for PBXProject "Appitize" */;
			compatibilityVersion = "Xcode 3.2";
			developmentRegion = English;
			hasScannedForEncodings = 0;
			knownRegions = (
				en,
			);
			mainGroup = 66E8B6C814D899500074EAA4;
			productRefGroup = 66E8B6D414D899500074EAA4 /* Products */;
			projectDirPath = "";
			projectRoot = "";
			targets = (
				66E8B6D214D899500074EAA4 /* Appitize */,
				664A269414E3265400C297E6 /* AppitizeResources */,
				66F5F13314DB195B0068FD20 /* Framework */,
			);
		};
/* End PBXProject section */

/* Begin PBXResourcesBuildPhase section */
		664A269314E3265400C297E6 /* Resources */ = {
			isa = PBXResourcesBuildPhase;
			buildActionMask = 2147483647;
			files = (
				5D5A182B15FC5C1B0058F50F /* finger_press1.png in Resources */,
				5D5A182C15FC5C1B0058F50F /* finger_press1@2x.png in Resources */,
				5D5A182D15FC5C1B0058F50F /* finger_press2.png in Resources */,
				5D5A182E15FC5C1B0058F50F /* finger_press2@2x.png in Resources */,
				5D5A182F15FC5C1B0058F50F /* finger_press3.png in Resources */,
				5D5A183015FC5C1B0058F50F /* finger_press3@2x.png in Resources */,
			);
			runOnlyForDeploymentPostprocessing = 0;
		};
/* End PBXResourcesBuildPhase section */

/* Begin PBXShellScriptBuildPhase section */
		66E8B6E814D8A4D10074EAA4 /* Prepare Framework */ = {
			isa = PBXShellScriptBuildPhase;
			buildActionMask = 2147483647;
			files = (
			);
			inputPaths = (
			);
			name = "Prepare Framework";
			outputPaths = (
			);
			runOnlyForDeploymentPostprocessing = 0;
			shellPath = /bin/sh;
			shellScript = "set -e\n\nmkdir -p \"${BUILT_PRODUCTS_DIR}/${PRODUCT_NAME}.framework/Versions/${FRAMEWORK_VERSION}/Headers\"\n\n# Link the \"Current\" version to \"${FRAMEWORK_VERSION}\"\nln -sfh ${FRAMEWORK_VERSION} \"${BUILT_PRODUCTS_DIR}/${PRODUCT_NAME}.framework/Versions/Current\"\nln -sfh Versions/Current/Headers \"${BUILT_PRODUCTS_DIR}/${PRODUCT_NAME}.framework/Headers\"\nln -sfh \"Versions/Current/${PRODUCT_NAME}\" \"${BUILT_PRODUCTS_DIR}/${PRODUCT_NAME}.framework/${PRODUCT_NAME}\"\n\n# The -a ensures that the headers maintain the source modification date so that we don't constantly\n# cause propagating rebuilds of files that import these headers.\ncp -a \"${BUILT_PRODUCTS_DIR}/${PUBLIC_HEADERS_FOLDER_PATH}/\" \"${BUILT_PRODUCTS_DIR}/${PRODUCT_NAME}.framework/Versions/${FRAMEWORK_VERSION}/Headers\"\n";
		};
		66F5F13A14DB19B20068FD20 /* Build Framework */ = {
			isa = PBXShellScriptBuildPhase;
			buildActionMask = 2147483647;
			files = (
			);
			inputPaths = (
			);
			name = "Build Framework";
			outputPaths = (
			);
			runOnlyForDeploymentPostprocessing = 0;
			shellPath = /bin/sh;
			shellScript = "set -e\nset +u\n# Avoid recursively calling this script.\nif [[ $SF_MASTER_SCRIPT_RUNNING ]]\nthen\n    exit 0\nfi\nset -u\nexport SF_MASTER_SCRIPT_RUNNING=1\n\nSF_TARGET_NAME=${PROJECT_NAME}\nSF_EXECUTABLE_PATH=\"lib${SF_TARGET_NAME}.a\"\nSF_WRAPPER_NAME=\"${SF_TARGET_NAME}.framework\"\n\n# The following conditionals come from\n# https://github.com/kstenerud/iOS-Universal-Framework\n\nif [[ \"$SDK_NAME\" =~ ([A-Za-z]+) ]]\nthen\n    SF_SDK_PLATFORM=${BASH_REMATCH[1]}\nelse\n    echo \"Could not find platform name from SDK_NAME: $SDK_NAME\"\n    exit 1\nfi\n\nif [[ \"$SDK_NAME\" =~ ([0-9]+.*$) ]]\nthen\n    SF_SDK_VERSION=${BASH_REMATCH[1]}\nelse\n    echo \"Could not find sdk version from SDK_NAME: $SDK_NAME\"\n    exit 1\nfi\n\nif [[ \"$SF_SDK_PLATFORM\" = \"iphoneos\" ]]\nthen\n    SF_OTHER_PLATFORM=iphonesimulator\nelse\n    SF_OTHER_PLATFORM=iphoneos\nfi\n\nif [[ \"$BUILT_PRODUCTS_DIR\" =~ (.*)$SF_SDK_PLATFORM$ ]]\nthen\n    SF_OTHER_BUILT_PRODUCTS_DIR=\"${BASH_REMATCH[1]}${SF_OTHER_PLATFORM}\"\nelse\n    echo \"Could not find platform name from build products directory: $BUILT_PRODUCTS_DIR\"\n    exit 1\nfi\n\n# Build the other platform.\nxcodebuild -project \"${PROJECT_FILE_PATH}\" -target \"${TARGET_NAME}\" -configuration \"${CONFIGURATION}\" -sdk ${SF_OTHER_PLATFORM}${SF_SDK_VERSION} BUILD_DIR=\"${BUILD_DIR}\" OBJROOT=\"${OBJROOT}\" BUILD_ROOT=\"${BUILD_ROOT}\" SYMROOT=\"${SYMROOT}\" $ACTION\n\n# Smash the two static libraries into one fat binary and store it in the .framework\nlipo -create \"${BUILT_PRODUCTS_DIR}/${SF_EXECUTABLE_PATH}\" \"${SF_OTHER_BUILT_PRODUCTS_DIR}/${SF_EXECUTABLE_PATH}\" -output \"${BUILT_PRODUCTS_DIR}/${SF_WRAPPER_NAME}/Versions/${FRAMEWORK_VERSION}/${SF_TARGET_NAME}\"\n\n# Copy the binary to the other architecture folder to have a complete framework in both.\ncp -a \"${BUILT_PRODUCTS_DIR}/${SF_WRAPPER_NAME}/Versions/${FRAMEWORK_VERSION}/${SF_TARGET_NAME}\" \"${SF_OTHER_BUILT_PRODUCTS_DIR}/${SF_WRAPPER_NAME}/Versions/${FRAMEWORK_VERSION}/${SF_TARGET_NAME}\"\n";
		};
/* End PBXShellScriptBuildPhase section */

/* Begin PBXSourcesBuildPhase section */
		664A269114E3265400C297E6 /* Sources */ = {
			isa = PBXSourcesBuildPhase;
			buildActionMask = 2147483647;
			files = (
			);
			runOnlyForDeploymentPostprocessing = 0;
		};
		66E8B6CF14D899500074EAA4 /* Sources */ = {
			isa = PBXSourcesBuildPhase;
			buildActionMask = 2147483647;
			files = (
				5D5A180715FC55990058F50F /* Appitize.m in Sources */,
				B255BEED15FC6AD20068145A /* ScreenRecorder.m in Sources */,
			);
			runOnlyForDeploymentPostprocessing = 0;
		};
/* End PBXSourcesBuildPhase section */

/* Begin PBXTargetDependency section */
		5DAFFF4C15FC33680047124F /* PBXTargetDependency */ = {
			isa = PBXTargetDependency;
			target = 66E8B6D214D899500074EAA4 /* Appitize */;
			targetProxy = 5DAFFF4B15FC33680047124F /* PBXContainerItemProxy */;
		};
		664A26AC14E330B700C297E6 /* PBXTargetDependency */ = {
			isa = PBXTargetDependency;
			target = 664A269414E3265400C297E6 /* AppitizeResources */;
			targetProxy = 664A26AB14E330B700C297E6 /* PBXContainerItemProxy */;
		};
/* End PBXTargetDependency section */

/* Begin XCBuildConfiguration section */
		664A269F14E3265400C297E6 /* Debug */ = {
			isa = XCBuildConfiguration;
			buildSettings = {
				GCC_ENABLE_OBJC_EXCEPTIONS = YES;
				GCC_WARN_64_TO_32_BIT_CONVERSION = YES;
				INFOPLIST_FILE = "AppitizeResources/AppitizeResources-Info.plist";
				INSTALL_PATH = "$(LOCAL_LIBRARY_DIR)/Bundles";
				MACOSX_DEPLOYMENT_TARGET = 10.6;
				PRODUCT_NAME = Appitize;
				WRAPPER_EXTENSION = bundle;
			};
			name = Debug;
		};
		664A26A014E3265400C297E6 /* Release */ = {
			isa = XCBuildConfiguration;
			buildSettings = {
				DEBUG_INFORMATION_FORMAT = "dwarf-with-dsym";
				GCC_ENABLE_OBJC_EXCEPTIONS = YES;
				GCC_WARN_64_TO_32_BIT_CONVERSION = YES;
				INFOPLIST_FILE = "AppitizeResources/AppitizeResources-Info.plist";
				INSTALL_PATH = "$(LOCAL_LIBRARY_DIR)/Bundles";
				MACOSX_DEPLOYMENT_TARGET = 10.6;
				PRODUCT_NAME = Appitize;
				WRAPPER_EXTENSION = bundle;
			};
			name = Release;
		};
		66E8B6DE14D899500074EAA4 /* Debug */ = {
			isa = XCBuildConfiguration;
			buildSettings = {
				ALWAYS_SEARCH_USER_PATHS = NO;
				ARCHS = "$(ARCHS_STANDARD_32_BIT)";
				COPY_PHASE_STRIP = NO;
				GCC_C_LANGUAGE_STANDARD = gnu99;
				GCC_DYNAMIC_NO_PIC = NO;
				GCC_OPTIMIZATION_LEVEL = 0;
				GCC_PREPROCESSOR_DEFINITIONS = (
					"DEBUG=1",
					"$(inherited)",
				);
				GCC_SYMBOLS_PRIVATE_EXTERN = NO;
				GCC_VERSION = com.apple.compilers.llvm.clang.1_0;
				GCC_WARN_ABOUT_MISSING_PROTOTYPES = YES;
				GCC_WARN_ABOUT_RETURN_TYPE = YES;
				GCC_WARN_UNUSED_VARIABLE = YES;
				IPHONEOS_DEPLOYMENT_TARGET = 5.0;
				SDKROOT = iphoneos;
			};
			name = Debug;
		};
		66E8B6DF14D899500074EAA4 /* Release */ = {
			isa = XCBuildConfiguration;
			buildSettings = {
				ALWAYS_SEARCH_USER_PATHS = NO;
				ARCHS = "$(ARCHS_STANDARD_32_BIT)";
				COPY_PHASE_STRIP = YES;
				GCC_C_LANGUAGE_STANDARD = gnu99;
				GCC_VERSION = com.apple.compilers.llvm.clang.1_0;
				GCC_WARN_ABOUT_MISSING_PROTOTYPES = YES;
				GCC_WARN_ABOUT_RETURN_TYPE = YES;
				GCC_WARN_UNUSED_VARIABLE = YES;
				IPHONEOS_DEPLOYMENT_TARGET = 5.0;
				SDKROOT = iphoneos;
				VALIDATE_PRODUCT = YES;
			};
			name = Release;
		};
		66E8B6E114D899500074EAA4 /* Debug */ = {
			isa = XCBuildConfiguration;
			buildSettings = {
				CLANG_ENABLE_OBJC_ARC = YES;
				COPY_PHASE_STRIP = NO;
				DEAD_CODE_STRIPPING = NO;
				DSTROOT = /tmp/Appitize.dst;
				GCC_PRECOMPILE_PREFIX_HEADER = YES;
				GCC_PREFIX_HEADER = "Appitize/Appitize-Prefix.pch";
				OTHER_LDFLAGS = "-ObjC";
				PRODUCT_NAME = Appitize;
				PUBLIC_HEADERS_FOLDER_PATH = "$(PROJECT_NAME)Headers";
				SKIP_INSTALL = YES;
				STRIP_STYLE = "non-global";
			};
			name = Debug;
		};
		66E8B6E214D899500074EAA4 /* Release */ = {
			isa = XCBuildConfiguration;
			buildSettings = {
				CLANG_ENABLE_OBJC_ARC = YES;
				COPY_PHASE_STRIP = NO;
				DEAD_CODE_STRIPPING = NO;
				DSTROOT = /tmp/Appitize.dst;
				GCC_PRECOMPILE_PREFIX_HEADER = YES;
				GCC_PREFIX_HEADER = "Appitize/Appitize-Prefix.pch";
				OTHER_LDFLAGS = "-ObjC";
				PRODUCT_NAME = Appitize;
				PUBLIC_HEADERS_FOLDER_PATH = "$(PROJECT_NAME)Headers";
				SKIP_INSTALL = YES;
				STRIP_STYLE = "non-global";
			};
			name = Release;
		};
		66F5F13414DB195B0068FD20 /* Debug */ = {
			isa = XCBuildConfiguration;
			buildSettings = {
				PRODUCT_NAME = "$(TARGET_NAME)";
			};
			name = Debug;
		};
		66F5F13514DB195B0068FD20 /* Release */ = {
			isa = XCBuildConfiguration;
			buildSettings = {
				PRODUCT_NAME = "$(TARGET_NAME)";
			};
			name = Release;
		};
/* End XCBuildConfiguration section */

/* Begin XCConfigurationList section */
		664A269E14E3265400C297E6 /* Build configuration list for PBXNativeTarget "AppitizeResources" */ = {
			isa = XCConfigurationList;
			buildConfigurations = (
				664A269F14E3265400C297E6 /* Debug */,
				664A26A014E3265400C297E6 /* Release */,
			);
			defaultConfigurationIsVisible = 0;
			defaultConfigurationName = Release;
		};
		66E8B6CD14D899500074EAA4 /* Build configuration list for PBXProject "Appitize" */ = {
			isa = XCConfigurationList;
			buildConfigurations = (
				66E8B6DE14D899500074EAA4 /* Debug */,
				66E8B6DF14D899500074EAA4 /* Release */,
			);
			defaultConfigurationIsVisible = 0;
			defaultConfigurationName = Release;
		};
		66E8B6E014D899500074EAA4 /* Build configuration list for PBXNativeTarget "Appitize" */ = {
			isa = XCConfigurationList;
			buildConfigurations = (
				66E8B6E114D899500074EAA4 /* Debug */,
				66E8B6E214D899500074EAA4 /* Release */,
			);
			defaultConfigurationIsVisible = 0;
			defaultConfigurationName = Release;
		};
		66F5F13614DB195B0068FD20 /* Build configuration list for PBXAggregateTarget "Framework" */ = {
			isa = XCConfigurationList;
			buildConfigurations = (
				66F5F13414DB195B0068FD20 /* Debug */,
				66F5F13514DB195B0068FD20 /* Release */,
			);
			defaultConfigurationIsVisible = 0;
			defaultConfigurationName = Release;
		};
/* End XCConfigurationList section */
	};
	rootObject = 66E8B6CA14D899500074EAA4 /* Project object */;
}
